
Microsoft Visual Studio Solution File, Format Version 12.00
Project("{2150E333-8FDC-42A3-9474-1A3956D46DE8}") = "Domain", "Domain", "{37FE644F-86DD-4D6E-9164-134AB0363182}"
EndProject
Project("{2150E333-8FDC-42A3-9474-1A3956D46DE8}") = "Infra.Bus", "Infra.Bus", "{C7AB70E8-318A-45E9-A5E0-D0D592731B43}"
EndProject
Project("{2150E333-8FDC-42A3-9474-1A3956D46DE8}") = "Infra.IoC", "Infra.IoC", "{0811FEEB-CF72-4842-BB5E-C6B2557E078C}"
EndProject
Project("{2150E333-8FDC-42A3-9474-1A3956D46DE8}") = "Microservices", "Microservices", "{1EF57630-73ED-4136-828E-424D6C111E55}"
EndProject
Project("{2150E333-8FDC-42A3-9474-1A3956D46DE8}") = "Presentation", "Presentation", "{5D8A2DFF-8792-43B0-AF2B-79ED240E14D7}"
EndProject
Project("{FAE04EC0-301F-11D3-BF4B-00C04F79EFBC}") = "MicroRabbit.Domain.Core", "MicroRabbit.Domain.Core\MicroRabbit.Domain.Core.csproj", "{CC0FF04A-62E8-4DBA-9554-0CBB8421575B}"
EndProject
Global
	GlobalSection(SolutionConfigurationPlatforms) = preSolution
		Debug|Any CPU = Debug|Any CPU
		Release|Any CPU = Release|Any CPU
	EndGlobalSection
	GlobalSection(NestedProjects) = preSolution
		{CC0FF04A-62E8-4DBA-9554-0CBB8421575B} = {37FE644F-86DD-4D6E-9164-134AB0363182}
	EndGlobalSection
	GlobalSection(ProjectConfigurationPlatforms) = postSolution
		{CC0FF04A-62E8-4DBA-9554-0CBB8421575B}.Debug|Any CPU.ActiveCfg = Debug|Any CPU
		{CC0FF04A-62E8-4DBA-9554-0CBB8421575B}.Debug|Any CPU.Build.0 = Debug|Any CPU
		{CC0FF04A-62E8-4DBA-9554-0CBB8421575B}.Release|Any CPU.ActiveCfg = Release|Any CPU
		{CC0FF04A-62E8-4DBA-9554-0CBB8421575B}.Release|Any CPU.Build.0 = Release|Any CPU
	EndGlobalSection
EndGlobal
